
Microsoft Visual Studio Solution File, Format Version 12.00
# Visual Studio 2012
Project("{FAE04EC0-301F-11D3-BF4B-00C04F79EFBC}") = "心连心登录", "心连心登录\心连心登录.csproj", "{6EEC7A98-8CDB-4F96-AEF0-CB5B0309C47E}"
EndProject
Global
	GlobalSection(SolutionConfigurationPlatforms) = preSolution
		Debug|Any CPU = Debug|Any CPU
		Release|Any CPU = Release|Any CPU
	EndGlobalSection
	GlobalSection(ProjectConfigurationPlatforms) = postSolution
		{6EEC7A98-8CDB-4F96-AEF0-CB5B0309C47E}.Debug|Any CPU.ActiveCfg = Debug|Any CPU
		{6EEC7A98-8CDB-4F96-AEF0-CB5B0309C47E}.Debug|Any CPU.Build.0 = Debug|Any CPU
		{6EEC7A98-8CDB-4F96-AEF0-CB5B0309C47E}.Release|Any CPU.ActiveCfg = Release|Any CPU
		{6EEC7A98-8CDB-4F96-AEF0-CB5B0309C47E}.Release|Any CPU.Build.0 = Release|Any CPU
	EndGlobalSection
	GlobalSection(SolutionProperties) = preSolution
		HideSolutionNode = FALSE
	EndGlobalSection
EndGlobal
